
Microsoft Visual Studio Solution File, Format Version 12.00
# Visual Studio Version 17
VisualStudioVersion = 17.14.36109.1 d17.14
MinimumVisualStudioVersion = 10.0.40219.1
Project("{FAE04EC0-301F-11D3-BF4B-00C04F79EFBC}") = "Proyecto1", "Proyecto1.csproj", "{5CC71C47-7D11-49D0-8A93-78E6571DF6C3}"
EndProject
Global
	GlobalSection(SolutionConfigurationPlatforms) = preSolution
		Debug|Any CPU = Debug|Any CPU
		Release|Any CPU = Release|Any CPU
	EndGlobalSection
	GlobalSection(ProjectConfigurationPlatforms) = postSolution
		{5CC71C47-7D11-49D0-8A93-78E6571DF6C3}.Debug|Any CPU.ActiveCfg = Debug|Any CPU
		{5CC71C47-7D11-49D0-8A93-78E6571DF6C3}.Debug|Any CPU.Build.0 = Debug|Any CPU
		{5CC71C47-7D11-49D0-8A93-78E6571DF6C3}.Release|Any CPU.ActiveCfg = Release|Any CPU
		{5CC71C47-7D11-49D0-8A93-78E6571DF6C3}.Release|Any CPU.Build.0 = Release|Any CPU
	EndGlobalSection
	GlobalSection(SolutionProperties) = preSolution
		HideSolutionNode = FALSE
	EndGlobalSection
	GlobalSection(ExtensibilityGlobals) = postSolution
		SolutionGuid = {1DB0E322-2C5B-4B81-B0FB-B5A6FBE085B4}
	EndGlobalSection
EndGlobal
